// !$*UTF8*$!
{
	archiveVersion = 1;
	classes = {
	};
	objectVersion = 50;
	objects = {

/* Begin PBXBuildFile section */
		C841214D20D6B20B007806C5 /* AppDelegate.swift in Sources */ = {isa = PBXBuildFile; fileRef = C841214C20D6B20B007806C5 /* AppDelegate.swift */; };
		C841214F20D6B20B007806C5 /* ViewController.swift in Sources */ = {isa = PBXBuildFile; fileRef = C841214E20D6B20B007806C5 /* ViewController.swift */; };
		C841215220D6B20B007806C5 /* Main.storyboard in Resources */ = {isa = PBXBuildFile; fileRef = C841215020D6B20B007806C5 /* Main.storyboard */; };
		C841215520D6B20B007806C5 /* Eshopify.xcdatamodeld in Sources */ = {isa = PBXBuildFile; fileRef = C841215320D6B20B007806C5 /* Eshopify.xcdatamodeld */; };
		C841215720D6B210007806C5 /* Assets.xcassets in Resources */ = {isa = PBXBuildFile; fileRef = C841215620D6B210007806C5 /* Assets.xcassets */; };
		C841215A20D6B210007806C5 /* LaunchScreen.storyboard in Resources */ = {isa = PBXBuildFile; fileRef = C841215820D6B210007806C5 /* LaunchScreen.storyboard */; };
/* End PBXBuildFile section */

/* Begin PBXFileReference section */
		C841214920D6B20B007806C5 /* Eshopify.app */ = {isa = PBXFileReference; explicitFileType = wrapper.application; includeInIndex = 0; path = Eshopify.app; sourceTree = BUILT_PRODUCTS_DIR; };
		C841214C20D6B20B007806C5 /* AppDelegate.swift */ = {isa = PBXFileReference; lastKnownFileType = sourcecode.swift; path = AppDelegate.swift; sourceTree = "<group>"; };
		C841214E20D6B20B007806C5 /* ViewController.swift */ = {isa = PBXFileReference; lastKnownFileType = sourcecode.swift; path = ViewController.swift; sourceTree = "<group>"; };
		C841215120D6B20B007806C5 /* Base */ = {isa = PBXFileReference; lastKnownFileType = file.storyboard; name = Base; path = Base.lproj/Main.storyboard; sourceTree = "<group>"; };
		C841215420D6B20B007806C5 /* Eshopify.xcdatamodel */ = {isa = PBXFileReference; lastKnownFileType = wrapper.xcdatamodel; path = Eshopify.xcdatamodel; sourceTree = "<group>"; };
		C841215620D6B210007806C5 /* Assets.xcassets */ = {isa = PBXFileReference; lastKnownFileType = folder.assetcatalog; path = Assets.xcassets; sourceTree = "<group>"; };
		C841215920D6B210007806C5 /* Base */ = {isa = PBXFileReference; lastKnownFileType = file.storyboard; name = Base; path = Base.lproj/LaunchScreen.storyboard; sourceTree = "<group>"; };
		C841215B20D6B210007806C5 /* Info.plist */ = {isa = PBXFileReference; lastKnownFileType = text.plist.xml; path = Info.plist; sourceTree = "<group>"; };
/* End PBXFileReference section */

/* Begin PBXFrameworksBuildPhase section */
		C841214620D6B20B007806C5 /* Frameworks */ = {
			isa = PBXFrameworksBuildPhase;
			buildActionMask = 2147483647;
			files = (
			);
			runOnlyForDeploymentPostprocessing = 0;
		};
/* End PBXFrameworksBuildPhase section */

/* Begin PBXGroup section */
		C841214020D6B20B007806C5 = {
			isa = PBXGroup;
			children = (
				C841214B20D6B20B007806C5 /* Eshopify */,
				C841214A20D6B20B007806C5 /* Products */,
			);
			sourceTree = "<group>";
		};
		C841214A20D6B20B007806C5 /* Products */ = {
			isa = PBXGroup;
			children = (
				C841214920D6B20B007806C5 /* Eshopify.app */,
			);
			name = Products;
			sourceTree = "<group>";
		};
		C841214B20D6B20B007806C5 /* Eshopify */ = {
			isa = PBXGroup;
			children = (
				C841214C20D6B20B007806C5 /* AppDelegate.swift */,
				C841214E20D6B20B007806C5 /* ViewController.swift */,
				C841215020D6B20B007806C5 /* Main.storyboard */,
				C841215620D6B210007806C5 /* Assets.xcassets */,
				C841215820D6B210007806C5 /* LaunchScreen.storyboard */,
				C841215B20D6B210007806C5 /* Info.plist */,
				C841215320D6B20B007806C5 /* Eshopify.xcdatamodeld */,
			);
			path = Eshopify;
			sourceTree = "<group>";
		};
/* End PBXGroup section */

/* Begin PBXNativeTarget section */
		C841214820D6B20B007806C5 /* Eshopify */ = {
			isa = PBXNativeTarget;
			buildConfigurationList = C841215E20D6B210007806C5 /* Build configuration list for PBXNativeTarget "Eshopify" */;
			buildPhases = (
				C841214520D6B20B007806C5 /* Sources */,
				C841214620D6B20B007806C5 /* Frameworks */,
				C841214720D6B20B007806C5 /* Resources */,
			);
			buildRules = (
			);
			dependencies = (
			);
			name = Eshopify;
			productName = Eshopify;
			productReference = C841214920D6B20B007806C5 /* Eshopify.app */;
			productType = "com.apple.product-type.application";
		};
/* End PBXNativeTarget section */

/* Begin PBXProject section */
		C841214120D6B20B007806C5 /* Project object */ = {
			isa = PBXProject;
			attributes = {
				LastSwiftUpdateCheck = 0930;
				LastUpgradeCheck = 0930;
				ORGANIZATIONNAME = "Sourabh Kumbhar";
				TargetAttributes = {
					C841214820D6B20B007806C5 = {
						CreatedOnToolsVersion = 9.3.1;
					};
				};
			};
			buildConfigurationList = C841214420D6B20B007806C5 /* Build configuration list for PBXProject "Eshopify" */;
			compatibilityVersion = "Xcode 9.3";
			developmentRegion = en;
			hasScannedForEncodings = 0;
			knownRegions = (
				en,
				Base,
			);
			mainGroup = C841214020D6B20B007806C5;
			productRefGroup = C841214A20D6B20B007806C5 /* Products */;
			projectDirPath = "";
			projectRoot = "";
			targets = (
				C841214820D6B20B007806C5 /* Eshopify */,
			);
		};
/* End PBXProject section */

/* Begin PBXResourcesBuildPhase section */
		C841214720D6B20B007806C5 /* Resources */ = {
			isa = PBXResourcesBuildPhase;
			buildActionMask = 2147483647;
			files = (
				C841215A20D6B210007806C5 /* LaunchScreen.storyboard in Resources */,
				C841215720D6B210007806C5 /* Assets.xcassets in Resources */,
				C841215220D6B20B007806C5 /* Main.storyboard in Resources */,
			);
			runOnlyForDeploymentPostprocessing = 0;
		};
/* End PBXResourcesBuildPhase section */

/* Begin PBXSourcesBuildPhase section */
		C841214520D6B20B007806C5 /* Sources */ = {
			isa = PBXSourcesBuildPhase;
			buildActionMask = 2147483647;
			files = (
				C841214F20D6B20B007806C5 /* ViewController.swift in Sources */,
				C841215520D6B20B007806C5 /* Eshopify.xcdatamodeld in Sources */,
				C841214D20D6B20B007806C5 /* AppDelegate.swift in Sources */,
			);
			runOnlyForDeploymentPostprocessing = 0;
		};
/* End PBXSourcesBuildPhase section */

/* Begin PBXVariantGroup section */
		C841215020D6B20B007806C5 /* Main.storyboard */ = {
			isa = PBXVariantGroup;
			children = (
				C841215120D6B20B007806C5 /* Base */,
			);
			name = Main.storyboard;
			sourceTree = "<group>";
		};
		C841215820D6B210007806C5 /* LaunchScreen.storyboard */ = {
			isa = PBXVariantGroup;
			children = (
				C841215920D6B210007806C5 /* Base */,
			);
			name = LaunchScreen.storyboard;
			sourceTree = "<group>";
		};
/* End PBXVariantGroup section */

/* Begin XCBuildConfiguration section */
		C841215C20D6B210007806C5 /* Debug */ = {
			isa = XCBuildConfiguration;
			buildSettings = {
				ALWAYS_SEARCH_USER_PATHS = NO;
				CLANG_ANALYZER_NONNULL = YES;
				CLANG_ANALYZER_NUMBER_OBJECT_CONVERSION = YES_AGGRESSIVE;
				CLANG_CXX_LANGUAGE_STANDARD = "gnu++14";
				CLANG_CXX_LIBRARY = "libc++";
				CLANG_ENABLE_MODULES = YES;
				CLANG_ENABLE_OBJC_ARC = YES;
				CLANG_ENABLE_OBJC_WEAK = YES;
				CLANG_WARN_BLOCK_CAPTURE_AUTORELEASING = YES;
				CLANG_WARN_BOOL_CONVERSION = YES;
				CLANG_WARN_COMMA = YES;
				CLANG_WARN_CONSTANT_CONVERSION = YES;
				CLANG_WARN_DEPRECATED_OBJC_IMPLEMENTATIONS = YES;
				CLANG_WARN_DIRECT_OBJC_ISA_USAGE = YES_ERROR;
				CLANG_WARN_DOCUMENTATION_COMMENTS = YES;
				CLANG_WARN_EMPTY_BODY = YES;
				CLANG_WARN_ENUM_CONVERSION = YES;
				CLANG_WARN_INFINITE_RECURSION = YES;
				CLANG_WARN_INT_CONVERSION = YES;
				CLANG_WARN_NON_LITERAL_NULL_CONVERSION = YES;
				CLANG_WARN_OBJC_IMPLICIT_RETAIN_SELF = YES;
				CLANG_WARN_OBJC_LITERAL_CONVERSION = YES;
				CLANG_WARN_OBJC_ROOT_CLASS = YES_ERROR;
				CLANG_WARN_RANGE_LOOP_ANALYSIS = YES;
				CLANG_WARN_STRICT_PROTOTYPES = YES;
				CLANG_WARN_SUSPICIOUS_MOVE = YES;
				CLANG_WARN_UNGUARDED_AVAILABILITY = YES_AGGRESSIVE;
				CLANG_WARN_UNREACHABLE_CODE = YES;
				CLANG_WARN__DUPLICATE_METHOD_MATCH = YES;
				CODE_SIGN_IDENTITY = "iPhone Developer";
				COPY_PHASE_STRIP = NO;
				DEBUG_INFORMATION_FORMAT = dwarf;
				ENABLE_STRICT_OBJC_MSGSEND = YES;
				ENABLE_TESTABILITY = YES;
				GCC_C_LANGUAGE_STANDARD = gnu11;
				GCC_DYNAMIC_NO_PIC = NO;
				GCC_NO_COMMON_BLOCKS = YES;
				GCC_OPTIMIZATION_LEVEL = 0;
				GCC_PREPROCESSOR_DEFINITIONS = (
					"DEBUG=1",
					"$(inherited)",
				);
				GCC_WARN_64_TO_32_BIT_CONVERSION = YES;
				GCC_WARN_ABOUT_RETURN_TYPE = YES_ERROR;
				GCC_WARN_UNDECLARED_SELECTOR = YES;
				GCC_WARN_UNINITIALIZED_AUTOS = YES_AGGRESSIVE;
				GCC_WARN_UNUSED_FUNCTION = YES;
				GCC_WARN_UNUSED_VARIABLE = YES;
				IPHONEOS_DEPLOYMENT_TARGET = 11.3;
				MTL_ENABLE_DEBUG_INFO = YES;
				ONLY_ACTIVE_ARCH = YES;
				SDKROOT = iphoneos;
				SWIFT_ACTIVE_COMPILATION_CONDITIONS = DEBUG;
				SWIFT_OPTIMIZATION_LEVEL = "-Onone";
			};
			name = Debug;
		};
		C841215D20D6B210007806C5 /* Release */ = {
			isa = XCBuildConfiguration;
			buildSettings = {
				ALWAYS_SEARCH_USER_PATHS = NO;
				CLANG_ANALYZER_NONNULL = YES;
				CLANG_ANALYZER_NUMBER_OBJECT_CONVERSION = YES_AGGRESSIVE;
				CLANG_CXX_LANGUAGE_STANDARD = "gnu++14";
				CLANG_CXX_LIBRARY = "libc++";
				CLANG_ENABLE_MODULES = YES;
				CLANG_ENABLE_OBJC_ARC = YES;
				CLANG_ENABLE_OBJC_WEAK = YES;
				CLANG_WARN_BLOCK_CAPTURE_AUTORELEASING = YES;
				CLANG_WARN_BOOL_CONVERSION = YES;
				CLANG_WARN_COMMA = YES;
				CLANG_WARN_CONSTANT_CONVERSION = YES;
				CLANG_WARN_DEPRECATED_OBJC_IMPLEMENTATIONS = YES;
				CLANG_WARN_DIRECT_OBJC_ISA_USAGE = YES_ERROR;
				CLANG_WARN_DOCUMENTATION_COMMENTS = YES;
				CLANG_WARN_EMPTY_BODY = YES;
				CLANG_WARN_ENUM_CONVERSION = YES;
				CLANG_WARN_INFINITE_RECURSION = YES;
				CLANG_WARN_INT_CONVERSION = YES;
				CLANG_WARN_NON_LITERAL_NULL_CONVERSION = YES;
				CLANG_WARN_OBJC_IMPLICIT_RETAIN_SELF = YES;
				CLANG_WARN_OBJC_LITERAL_CONVERSION = YES;
				CLANG_WARN_OBJC_ROOT_CLASS = YES_ERROR;
				CLANG_WARN_RANGE_LOOP_ANALYSIS = YES;
				CLANG_WARN_STRICT_PROTOTYPES = YES;
				CLANG_WARN_SUSPICIOUS_MOVE = YES;
				CLANG_WARN_UNGUARDED_AVAILABILITY = YES_AGGRESSIVE;
				CLANG_WARN_UNREACHABLE_CODE = YES;
				CLANG_WARN__DUPLICATE_METHOD_MATCH = YES;
				CODE_SIGN_IDENTITY = "iPhone Developer";
				COPY_PHASE_STRIP = NO;
				DEBUG_INFORMATION_FORMAT = "dwarf-with-dsym";
				ENABLE_NS_ASSERTIONS = NO;
				ENABLE_STRICT_OBJC_MSGSEND = YES;
				GCC_C_LANGUAGE_STANDARD = gnu11;
				GCC_NO_COMMON_BLOCKS = YES;
				GCC_WARN_64_TO_32_BIT_CONVERSION = YES;
				GCC_WARN_ABOUT_RETURN_TYPE = YES_ERROR;
				GCC_WARN_UNDECLARED_SELECTOR = YES;
				GCC_WARN_UNINITIALIZED_AUTOS = YES_AGGRESSIVE;
				GCC_WARN_UNUSED_FUNCTION = YES;
				GCC_WARN_UNUSED_VARIABLE = YES;
				IPHONEOS_DEPLOYMENT_TARGET = 11.3;
				MTL_ENABLE_DEBUG_INFO = NO;
				SDKROOT = iphoneos;
				SWIFT_COMPILATION_MODE = wholemodule;
				SWIFT_OPTIMIZATION_LEVEL = "-O";
				VALIDATE_PRODUCT = YES;
			};
			name = Release;
		};
		C841215F20D6B210007806C5 /* Debug */ = {
			isa = XCBuildConfiguration;
			buildSettings = {
				ASSETCATALOG_COMPILER_APPICON_NAME = AppIcon;
				CODE_SIGN_STYLE = Automatic;
				INFOPLIST_FILE = Eshopify/Info.plist;
				LD_RUNPATH_SEARCH_PATHS = (
					"$(inherited)",
					"@executable_path/Frameworks",
				);
				PRODUCT_BUNDLE_IDENTIFIER = Sourabh.Eshopify;
				PRODUCT_NAME = "$(TARGET_NAME)";
				SWIFT_VERSION = 4.0;
				TARGETED_DEVICE_FAMILY = "1,2";
			};
			name = Debug;
		};
		C841216020D6B210007806C5 /* Release */ = {
			isa = XCBuildConfiguration;
			buildSettings = {
				ASSETCATALOG_COMPILER_APPICON_NAME = AppIcon;
				CODE_SIGN_STYLE = Automatic;
				INFOPLIST_FILE = Eshopify/Info.plist;
				LD_RUNPATH_SEARCH_PATHS = (
					"$(inherited)",
					"@executable_path/Frameworks",
				);
				PRODUCT_BUNDLE_IDENTIFIER = Sourabh.Eshopify;
				PRODUCT_NAME = "$(TARGET_NAME)";
				SWIFT_VERSION = 4.0;
				TARGETED_DEVICE_FAMILY = "1,2";
			};
			name = Release;
		};
/* End XCBuildConfiguration section */

/* Begin XCConfigurationList section */
		C841214420D6B20B007806C5 /* Build configuration list for PBXProject "Eshopify" */ = {
			isa = XCConfigurationList;
			buildConfigurations = (
				C841215C20D6B210007806C5 /* Debug */,
				C841215D20D6B210007806C5 /* Release */,
			);
			defaultConfigurationIsVisible = 0;
			defaultConfigurationName = Release;
		};
		C841215E20D6B210007806C5 /* Build configuration list for PBXNativeTarget "Eshopify" */ = {
			isa = XCConfigurationList;
			buildConfigurations = (
				C841215F20D6B210007806C5 /* Debug */,
				C841216020D6B210007806C5 /* Release */,
			);
			defaultConfigurationIsVisible = 0;
			defaultConfigurationName = Release;
		};
/* End XCConfigurationList section */

/* Begin XCVersionGroup section */
		C841215320D6B20B007806C5 /* Eshopify.xcdatamodeld */ = {
			isa = XCVersionGroup;
			children = (
				C841215420D6B20B007806C5 /* Eshopify.xcdatamodel */,
			);
			currentVersion = C841215420D6B20B007806C5 /* Eshopify.xcdatamodel */;
			path = Eshopify.xcdatamodeld;
			sourceTree = "<group>";
			versionGroupType = wrapper.xcdatamodel;
		};
/* End XCVersionGroup section */
	};
	rootObject = C841214120D6B20B007806C5 /* Project object */;
}
